// !$*UTF8*$!
{
	archiveVersion = 1;
	classes = {
	};
	objectVersion = 77;
	objects = {

/* Begin PBXBuildFile section */
		9DB068DE2D8EECB200487E48 /* database.xcdatamodeld in Sources */ = {isa = PBXBuildFile; fileRef = 9DB068DC2D8EECB200487E48 /* database.xcdatamodeld */; };
		9DB068E72D8EF22F00487E48 /* ScreenplayElementDB+CoreDataClass.swift in Sources */ = {isa = PBXBuildFile; fileRef = 9DB068E42D8EF22F00487E48 /* ScreenplayElementDB+CoreDataClass.swift */; };
		9DB0691F2D8F390100487E48 /* Assets.xcassets in Resources */ = {isa = PBXBuildFile; fileRef = 9DB0690E2D8F390100487E48 /* Assets.xcassets */; };
		9DB069212D8F390100487E48 /* LaunchScreen.storyboard in Resources */ = {isa = PBXBuildFile; fileRef = 9DB069112D8F390100487E48 /* LaunchScreen.storyboard */; };
		9DB069222D8F390100487E48 /* Main.storyboard in Resources */ = {isa = PBXBuildFile; fileRef = 9DB069192D8F390100487E48 /* Main.storyboard */; };
		9DB069232D8F390100487E48 /* AppDelegate.swift in Sources */ = {isa = PBXBuildFile; fileRef = 9DB0690D2D8F390100487E48 /* AppDelegate.swift */; };
		9DB069242D8F390100487E48 /* SceneDelegate.swift in Sources */ = {isa = PBXBuildFile; fileRef = 9DB069122D8F390100487E48 /* SceneDelegate.swift */; };
		9DB069252D8F390100487E48 /* CoreDataStack.swift in Sources */ = {isa = PBXBuildFile; fileRef = 9DB069142D8F390100487E48 /* CoreDataStack.swift */; };
		9DB069262D8F390100487E48 /* DBGenerator.swift in Sources */ = {isa = PBXBuildFile; fileRef = 9DB069152D8F390100487E48 /* DBGenerator.swift */; };
		9DB069272D8F390100487E48 /* ElementCellContentConfiguration.swift in Sources */ = {isa = PBXBuildFile; fileRef = 9DB069162D8F390100487E48 /* ElementCellContentConfiguration.swift */; };
		9DB069282D8F390100487E48 /* ElementCellContentView.swift in Sources */ = {isa = PBXBuildFile; fileRef = 9DB069172D8F390100487E48 /* ElementCellContentView.swift */; };
		9DB069292D8F390100487E48 /* ScreenplayElement.swift in Sources */ = {isa = PBXBuildFile; fileRef = 9DB0691A2D8F390100487E48 /* ScreenplayElement.swift */; };
		9DB0692A2D8F390100487E48 /* ScreenplayModel.swift in Sources */ = {isa = PBXBuildFile; fileRef = 9DB0691B2D8F390100487E48 /* ScreenplayModel.swift */; };
		9DB0692B2D8F390100487E48 /* ScreenplayViewController.swift in Sources */ = {isa = PBXBuildFile; fileRef = 9DB0691C2D8F390100487E48 /* ScreenplayViewController.swift */; };
		9DB0692C2D8F390100487E48 /* ScreenplayViewModel.swift in Sources */ = {isa = PBXBuildFile; fileRef = 9DB0691D2D8F390100487E48 /* ScreenplayViewModel.swift */; };
/* End PBXBuildFile section */

/* Begin PBXFileReference section */
		9DB068DD2D8EECB200487E48 /* database.xcdatamodel */ = {isa = PBXFileReference; lastKnownFileType = wrapper.xcdatamodel; path = database.xcdatamodel; sourceTree = "<group>"; };
		9DB068E42D8EF22F00487E48 /* ScreenplayElementDB+CoreDataClass.swift */ = {isa = PBXFileReference; lastKnownFileType = sourcecode.swift; path = "ScreenplayElementDB+CoreDataClass.swift"; sourceTree = "<group>"; };
		9DB0690D2D8F390100487E48 /* AppDelegate.swift */ = {isa = PBXFileReference; lastKnownFileType = sourcecode.swift; path = AppDelegate.swift; sourceTree = "<group>"; };
		9DB0690E2D8F390100487E48 /* Assets.xcassets */ = {isa = PBXFileReference; lastKnownFileType = folder.assetcatalog; path = Assets.xcassets; sourceTree = "<group>"; };
		9DB0690F2D8F390100487E48 /* Info.plist */ = {isa = PBXFileReference; lastKnownFileType = text.plist.xml; path = Info.plist; sourceTree = "<group>"; };
		9DB069102D8F390100487E48 /* Base */ = {isa = PBXFileReference; lastKnownFileType = file.storyboard; name = Base; path = Base.lproj/LaunchScreen.storyboard; sourceTree = "<group>"; };
		9DB069122D8F390100487E48 /* SceneDelegate.swift */ = {isa = PBXFileReference; lastKnownFileType = sourcecode.swift; path = SceneDelegate.swift; sourceTree = "<group>"; };
		9DB069142D8F390100487E48 /* CoreDataStack.swift */ = {isa = PBXFileReference; lastKnownFileType = sourcecode.swift; path = CoreDataStack.swift; sourceTree = "<group>"; };
		9DB069152D8F390100487E48 /* DBGenerator.swift */ = {isa = PBXFileReference; lastKnownFileType = sourcecode.swift; path = DBGenerator.swift; sourceTree = "<group>"; };
		9DB069162D8F390100487E48 /* ElementCellContentConfiguration.swift */ = {isa = PBXFileReference; lastKnownFileType = sourcecode.swift; path = ElementCellContentConfiguration.swift; sourceTree = "<group>"; };
		9DB069172D8F390100487E48 /* ElementCellContentView.swift */ = {isa = PBXFileReference; lastKnownFileType = sourcecode.swift; path = ElementCellContentView.swift; sourceTree = "<group>"; };
		9DB069182D8F390100487E48 /* Base */ = {isa = PBXFileReference; lastKnownFileType = file.storyboard; name = Base; path = Base.lproj/Main.storyboard; sourceTree = "<group>"; };
		9DB0691A2D8F390100487E48 /* ScreenplayElement.swift */ = {isa = PBXFileReference; lastKnownFileType = sourcecode.swift; path = ScreenplayElement.swift; sourceTree = "<group>"; };
		9DB0691B2D8F390100487E48 /* ScreenplayModel.swift */ = {isa = PBXFileReference; lastKnownFileType = sourcecode.swift; path = ScreenplayModel.swift; sourceTree = "<group>"; };
		9DB0691C2D8F390100487E48 /* ScreenplayViewController.swift */ = {isa = PBXFileReference; lastKnownFileType = sourcecode.swift; path = ScreenplayViewController.swift; sourceTree = "<group>"; };
		9DB0691D2D8F390100487E48 /* ScreenplayViewModel.swift */ = {isa = PBXFileReference; lastKnownFileType = sourcecode.swift; path = ScreenplayViewModel.swift; sourceTree = "<group>"; };
		9DCFD6BF2D8EE62A0080F198 /* undoRedo.app */ = {isa = PBXFileReference; explicitFileType = wrapper.application; includeInIndex = 0; path = undoRedo.app; sourceTree = BUILT_PRODUCTS_DIR; };
/* End PBXFileReference section */

/* Begin PBXFrameworksBuildPhase section */
		9DCFD6BC2D8EE62A0080F198 /* Frameworks */ = {
			isa = PBXFrameworksBuildPhase;
			buildActionMask = 2147483647;
			files = (
			);
			runOnlyForDeploymentPostprocessing = 0;
		};
/* End PBXFrameworksBuildPhase section */

/* Begin PBXGroup section */
		9DB069132D8F390100487E48 /* App */ = {
			isa = PBXGroup;
			children = (
				9DB0690D2D8F390100487E48 /* AppDelegate.swift */,
				9DB0690E2D8F390100487E48 /* Assets.xcassets */,
				9DB0690F2D8F390100487E48 /* Info.plist */,
				9DB069112D8F390100487E48 /* LaunchScreen.storyboard */,
				9DB069122D8F390100487E48 /* SceneDelegate.swift */,
			);
			path = App;
			sourceTree = "<group>";
		};
		9DB0691E2D8F390100487E48 /* undoRedo */ = {
			isa = PBXGroup;
			children = (
				9DB069132D8F390100487E48 /* App */,
				9DB069142D8F390100487E48 /* CoreDataStack.swift */,
				9DB069152D8F390100487E48 /* DBGenerator.swift */,
				9DB069162D8F390100487E48 /* ElementCellContentConfiguration.swift */,
				9DB069172D8F390100487E48 /* ElementCellContentView.swift */,
				9DB069192D8F390100487E48 /* Main.storyboard */,
				9DB0691A2D8F390100487E48 /* ScreenplayElement.swift */,
				9DB0691B2D8F390100487E48 /* ScreenplayModel.swift */,
				9DB0691C2D8F390100487E48 /* ScreenplayViewController.swift */,
				9DB0691D2D8F390100487E48 /* ScreenplayViewModel.swift */,
			);
			path = undoRedo;
			sourceTree = "<group>";
		};
		9DCFD6B62D8EE6290080F198 = {
			isa = PBXGroup;
			children = (
				9DB068E42D8EF22F00487E48 /* ScreenplayElementDB+CoreDataClass.swift */,
				9DB068DC2D8EECB200487E48 /* database.xcdatamodeld */,
				9DB0691E2D8F390100487E48 /* undoRedo */,
				9DCFD6C02D8EE62A0080F198 /* Products */,
			);
			sourceTree = "<group>";
		};
		9DCFD6C02D8EE62A0080F198 /* Products */ = {
			isa = PBXGroup;
			children = (
				9DCFD6BF2D8EE62A0080F198 /* undoRedo.app */,
			);
			name = Products;
			sourceTree = "<group>";
		};
/* End PBXGroup section */

/* Begin PBXNativeTarget section */
		9DCFD6BE2D8EE62A0080F198 /* undoRedo */ = {
			isa = PBXNativeTarget;
			buildConfigurationList = 9DCFD6D22D8EE62C0080F198 /* Build configuration list for PBXNativeTarget "undoRedo" */;
			buildPhases = (
				9DCFD6BB2D8EE62A0080F198 /* Sources */,
				9DCFD6BC2D8EE62A0080F198 /* Frameworks */,
				9DCFD6BD2D8EE62A0080F198 /* Resources */,
			);
			buildRules = (
			);
			dependencies = (
			);
			name = undoRedo;
			packageProductDependencies = (
			);
			productName = undoRedo;
			productReference = 9DCFD6BF2D8EE62A0080F198 /* undoRedo.app */;
			productType = "com.apple.product-type.application";
		};
/* End PBXNativeTarget section */

/* Begin PBXProject section */
		9DCFD6B72D8EE6290080F198 /* Project object */ = {
			isa = PBXProject;
			attributes = {
				BuildIndependentTargetsInParallel = 1;
				LastSwiftUpdateCheck = 1620;
				LastUpgradeCheck = 1620;
				TargetAttributes = {
					9DCFD6BE2D8EE62A0080F198 = {
						CreatedOnToolsVersion = 16.2;
					};
				};
			};
			buildConfigurationList = 9DCFD6BA2D8EE6290080F198 /* Build configuration list for PBXProject "undoRedo" */;
			developmentRegion = en;
			hasScannedForEncodings = 0;
			knownRegions = (
				en,
				Base,
			);
			mainGroup = 9DCFD6B62D8EE6290080F198;
			minimizedProjectReferenceProxies = 1;
			preferredProjectObjectVersion = 77;
			productRefGroup = 9DCFD6C02D8EE62A0080F198 /* Products */;
			projectDirPath = "";
			projectRoot = "";
			targets = (
				9DCFD6BE2D8EE62A0080F198 /* undoRedo */,
			);
		};
/* End PBXProject section */

/* Begin PBXResourcesBuildPhase section */
		9DCFD6BD2D8EE62A0080F198 /* Resources */ = {
			isa = PBXResourcesBuildPhase;
			buildActionMask = 2147483647;
			files = (
				9DB0691F2D8F390100487E48 /* Assets.xcassets in Resources */,
				9DB069212D8F390100487E48 /* LaunchScreen.storyboard in Resources */,
				9DB069222D8F390100487E48 /* Main.storyboard in Resources */,
			);
			runOnlyForDeploymentPostprocessing = 0;
		};
/* End PBXResourcesBuildPhase section */

/* Begin PBXSourcesBuildPhase section */
		9DCFD6BB2D8EE62A0080F198 /* Sources */ = {
			isa = PBXSourcesBuildPhase;
			buildActionMask = 2147483647;
			files = (
				9DB069232D8F390100487E48 /* AppDelegate.swift in Sources */,
				9DB069242D8F390100487E48 /* SceneDelegate.swift in Sources */,
				9DB069252D8F390100487E48 /* CoreDataStack.swift in Sources */,
				9DB069262D8F390100487E48 /* DBGenerator.swift in Sources */,
				9DB069272D8F390100487E48 /* ElementCellContentConfiguration.swift in Sources */,
				9DB069282D8F390100487E48 /* ElementCellContentView.swift in Sources */,
				9DB069292D8F390100487E48 /* ScreenplayElement.swift in Sources */,
				9DB0692A2D8F390100487E48 /* ScreenplayModel.swift in Sources */,
				9DB0692B2D8F390100487E48 /* ScreenplayViewController.swift in Sources */,
				9DB0692C2D8F390100487E48 /* ScreenplayViewModel.swift in Sources */,
				9DB068E72D8EF22F00487E48 /* ScreenplayElementDB+CoreDataClass.swift in Sources */,
				9DB068DE2D8EECB200487E48 /* database.xcdatamodeld in Sources */,
			);
			runOnlyForDeploymentPostprocessing = 0;
		};
/* End PBXSourcesBuildPhase section */

/* Begin PBXVariantGroup section */
		9DB069112D8F390100487E48 /* LaunchScreen.storyboard */ = {
			isa = PBXVariantGroup;
			children = (
				9DB069102D8F390100487E48 /* Base */,
			);
			name = LaunchScreen.storyboard;
			sourceTree = "<group>";
		};
		9DB069192D8F390100487E48 /* Main.storyboard */ = {
			isa = PBXVariantGroup;
			children = (
				9DB069182D8F390100487E48 /* Base */,
			);
			name = Main.storyboard;
			sourceTree = "<group>";
		};
/* End PBXVariantGroup section */

/* Begin XCBuildConfiguration section */
		9DCFD6D32D8EE62C0080F198 /* Debug */ = {
			isa = XCBuildConfiguration;
			buildSettings = {
				ASSETCATALOG_COMPILER_APPICON_NAME = AppIcon;
				ASSETCATALOG_COMPILER_GLOBAL_ACCENT_COLOR_NAME = AccentColor;
				CODE_SIGN_STYLE = Automatic;
				CURRENT_PROJECT_VERSION = 1;
				DEVELOPMENT_TEAM = 7499ZBZAZ6;
				GENERATE_INFOPLIST_FILE = YES;
				INFOPLIST_FILE = undoRedo/App/Info.plist;
				INFOPLIST_KEY_UIApplicationSupportsIndirectInputEvents = YES;
				INFOPLIST_KEY_UILaunchStoryboardName = LaunchScreen;
				INFOPLIST_KEY_UIMainStoryboardFile = Main;
				INFOPLIST_KEY_UISupportedInterfaceOrientations_iPad = "UIInterfaceOrientationPortrait UIInterfaceOrientationPortraitUpsideDown UIInterfaceOrientationLandscapeLeft UIInterfaceOrientationLandscapeRight";
				INFOPLIST_KEY_UISupportedInterfaceOrientations_iPhone = "UIInterfaceOrientationPortrait UIInterfaceOrientationLandscapeLeft UIInterfaceOrientationLandscapeRight";
				LD_RUNPATH_SEARCH_PATHS = (
					"$(inherited)",
					"@executable_path/Frameworks",
				);
				MARKETING_VERSION = 1.0;
				PRODUCT_BUNDLE_IDENTIFIER = blackmana.undoRedo;
				PRODUCT_NAME = "$(TARGET_NAME)";
				SWIFT_EMIT_LOC_STRINGS = YES;
				SWIFT_VERSION = 5.0;
				TARGETED_DEVICE_FAMILY = "1,2";
			};
			name = Debug;
		};
		9DCFD6D42D8EE62C0080F198 /* Release */ = {
			isa = XCBuildConfiguration;
			buildSettings = {
				ASSETCATALOG_COMPILER_APPICON_NAME = AppIcon;
				ASSETCATALOG_COMPILER_GLOBAL_ACCENT_COLOR_NAME = AccentColor;
				CODE_SIGN_STYLE = Automatic;
				CURRENT_PROJECT_VERSION = 1;
				DEVELOPMENT_TEAM = 7499ZBZAZ6;
				GENERATE_INFOPLIST_FILE = YES;
				INFOPLIST_FILE = undoRedo/App/Info.plist;
				INFOPLIST_KEY_UIApplicationSupportsIndirectInputEvents = YES;
				INFOPLIST_KEY_UILaunchStoryboardName = LaunchScreen;
				INFOPLIST_KEY_UIMainStoryboardFile = Main;
				INFOPLIST_KEY_UISupportedInterfaceOrientations_iPad = "UIInterfaceOrientationPortrait UIInterfaceOrientationPortraitUpsideDown UIInterfaceOrientationLandscapeLeft UIInterfaceOrientationLandscapeRight";
				INFOPLIST_KEY_UISupportedInterfaceOrientations_iPhone = "UIInterfaceOrientationPortrait UIInterfaceOrientationLandscapeLeft UIInterfaceOrientationLandscapeRight";
				LD_RUNPATH_SEARCH_PATHS = (
					"$(inherited)",
					"@executable_path/Frameworks",
				);
				MARKETING_VERSION = 1.0;
				PRODUCT_BUNDLE_IDENTIFIER = blackmana.undoRedo;
				PRODUCT_NAME = "$(TARGET_NAME)";
				SWIFT_EMIT_LOC_STRINGS = YES;
				SWIFT_VERSION = 5.0;
				TARGETED_DEVICE_FAMILY = "1,2";
			};
			name = Release;
		};
		9DCFD6D52D8EE62C0080F198 /* Debug */ = {
			isa = XCBuildConfiguration;
			buildSettings = {
				ALWAYS_SEARCH_USER_PATHS = NO;
				ASSETCATALOG_COMPILER_GENERATE_SWIFT_ASSET_SYMBOL_EXTENSIONS = YES;
				CLANG_ANALYZER_NONNULL = YES;
				CLANG_ANALYZER_NUMBER_OBJECT_CONVERSION = YES_AGGRESSIVE;
				CLANG_CXX_LANGUAGE_STANDARD = "gnu++20";
				CLANG_ENABLE_MODULES = YES;
				CLANG_ENABLE_OBJC_ARC = YES;
				CLANG_ENABLE_OBJC_WEAK = YES;
				CLANG_WARN_BLOCK_CAPTURE_AUTORELEASING = YES;
				CLANG_WARN_BOOL_CONVERSION = YES;
				CLANG_WARN_COMMA = YES;
				CLANG_WARN_CONSTANT_CONVERSION = YES;
				CLANG_WARN_DEPRECATED_OBJC_IMPLEMENTATIONS = YES;
				CLANG_WARN_DIRECT_OBJC_ISA_USAGE = YES_ERROR;
				CLANG_WARN_DOCUMENTATION_COMMENTS = YES;
				CLANG_WARN_EMPTY_BODY = YES;
				CLANG_WARN_ENUM_CONVERSION = YES;
				CLANG_WARN_INFINITE_RECURSION = YES;
				CLANG_WARN_INT_CONVERSION = YES;
				CLANG_WARN_NON_LITERAL_NULL_CONVERSION = YES;
				CLANG_WARN_OBJC_IMPLICIT_RETAIN_SELF = YES;
				CLANG_WARN_OBJC_LITERAL_CONVERSION = YES;
				CLANG_WARN_OBJC_ROOT_CLASS = YES_ERROR;
				CLANG_WARN_QUOTED_INCLUDE_IN_FRAMEWORK_HEADER = YES;
				CLANG_WARN_RANGE_LOOP_ANALYSIS = YES;
				CLANG_WARN_STRICT_PROTOTYPES = YES;
				CLANG_WARN_SUSPICIOUS_MOVE = YES;
				CLANG_WARN_UNGUARDED_AVAILABILITY = YES_AGGRESSIVE;
				CLANG_WARN_UNREACHABLE_CODE = YES;
				CLANG_WARN__DUPLICATE_METHOD_MATCH = YES;
				COPY_PHASE_STRIP = NO;
				DEBUG_INFORMATION_FORMAT = dwarf;
				ENABLE_STRICT_OBJC_MSGSEND = YES;
				ENABLE_TESTABILITY = YES;
				ENABLE_USER_SCRIPT_SANDBOXING = YES;
				GCC_C_LANGUAGE_STANDARD = gnu17;
				GCC_DYNAMIC_NO_PIC = NO;
				GCC_NO_COMMON_BLOCKS = YES;
				GCC_OPTIMIZATION_LEVEL = 0;
				GCC_PREPROCESSOR_DEFINITIONS = (
					"DEBUG=1",
					"$(inherited)",
				);
				GCC_WARN_64_TO_32_BIT_CONVERSION = YES;
				GCC_WARN_ABOUT_RETURN_TYPE = YES_ERROR;
				GCC_WARN_UNDECLARED_SELECTOR = YES;
				GCC_WARN_UNINITIALIZED_AUTOS = YES_AGGRESSIVE;
				GCC_WARN_UNUSED_FUNCTION = YES;
				GCC_WARN_UNUSED_VARIABLE = YES;
				IPHONEOS_DEPLOYMENT_TARGET = 18.2;
				LOCALIZATION_PREFERS_STRING_CATALOGS = YES;
				MTL_ENABLE_DEBUG_INFO = INCLUDE_SOURCE;
				MTL_FAST_MATH = YES;
				ONLY_ACTIVE_ARCH = YES;
				SDKROOT = iphoneos;
				SWIFT_ACTIVE_COMPILATION_CONDITIONS = "DEBUG $(inherited)";
				SWIFT_OPTIMIZATION_LEVEL = "-Onone";
			};
			name = Debug;
		};
		9DCFD6D62D8EE62C0080F198 /* Release */ = {
			isa = XCBuildConfiguration;
			buildSettings = {
				ALWAYS_SEARCH_USER_PATHS = NO;
				ASSETCATALOG_COMPILER_GENERATE_SWIFT_ASSET_SYMBOL_EXTENSIONS = YES;
				CLANG_ANALYZER_NONNULL = YES;
				CLANG_ANALYZER_NUMBER_OBJECT_CONVERSION = YES_AGGRESSIVE;
				CLANG_CXX_LANGUAGE_STANDARD = "gnu++20";
				CLANG_ENABLE_MODULES = YES;
				CLANG_ENABLE_OBJC_ARC = YES;
				CLANG_ENABLE_OBJC_WEAK = YES;
				CLANG_WARN_BLOCK_CAPTURE_AUTORELEASING = YES;
				CLANG_WARN_BOOL_CONVERSION = YES;
				CLANG_WARN_COMMA = YES;
				CLANG_WARN_CONSTANT_CONVERSION = YES;
				CLANG_WARN_DEPRECATED_OBJC_IMPLEMENTATIONS = YES;
				CLANG_WARN_DIRECT_OBJC_ISA_USAGE = YES_ERROR;
				CLANG_WARN_DOCUMENTATION_COMMENTS = YES;
				CLANG_WARN_EMPTY_BODY = YES;
				CLANG_WARN_ENUM_CONVERSION = YES;
				CLANG_WARN_INFINITE_RECURSION = YES;
				CLANG_WARN_INT_CONVERSION = YES;
				CLANG_WARN_NON_LITERAL_NULL_CONVERSION = YES;
				CLANG_WARN_OBJC_IMPLICIT_RETAIN_SELF = YES;
				CLANG_WARN_OBJC_LITERAL_CONVERSION = YES;
				CLANG_WARN_OBJC_ROOT_CLASS = YES_ERROR;
				CLANG_WARN_QUOTED_INCLUDE_IN_FRAMEWORK_HEADER = YES;
				CLANG_WARN_RANGE_LOOP_ANALYSIS = YES;
				CLANG_WARN_STRICT_PROTOTYPES = YES;
				CLANG_WARN_SUSPICIOUS_MOVE = YES;
				CLANG_WARN_UNGUARDED_AVAILABILITY = YES_AGGRESSIVE;
				CLANG_WARN_UNREACHABLE_CODE = YES;
				CLANG_WARN__DUPLICATE_METHOD_MATCH = YES;
				COPY_PHASE_STRIP = NO;
				DEBUG_INFORMATION_FORMAT = "dwarf-with-dsym";
				ENABLE_NS_ASSERTIONS = NO;
				ENABLE_STRICT_OBJC_MSGSEND = YES;
				ENABLE_USER_SCRIPT_SANDBOXING = YES;
				GCC_C_LANGUAGE_STANDARD = gnu17;
				GCC_NO_COMMON_BLOCKS = YES;
				GCC_WARN_64_TO_32_BIT_CONVERSION = YES;
				GCC_WARN_ABOUT_RETURN_TYPE = YES_ERROR;
				GCC_WARN_UNDECLARED_SELECTOR = YES;
				GCC_WARN_UNINITIALIZED_AUTOS = YES_AGGRESSIVE;
				GCC_WARN_UNUSED_FUNCTION = YES;
				GCC_WARN_UNUSED_VARIABLE = YES;
				IPHONEOS_DEPLOYMENT_TARGET = 18.2;
				LOCALIZATION_PREFERS_STRING_CATALOGS = YES;
				MTL_ENABLE_DEBUG_INFO = NO;
				MTL_FAST_MATH = YES;
				SDKROOT = iphoneos;
				SWIFT_COMPILATION_MODE = wholemodule;
				VALIDATE_PRODUCT = YES;
			};
			name = Release;
		};
/* End XCBuildConfiguration section */

/* Begin XCConfigurationList section */
		9DCFD6BA2D8EE6290080F198 /* Build configuration list for PBXProject "undoRedo" */ = {
			isa = XCConfigurationList;
			buildConfigurations = (
				9DCFD6D52D8EE62C0080F198 /* Debug */,
				9DCFD6D62D8EE62C0080F198 /* Release */,
			);
			defaultConfigurationIsVisible = 0;
			defaultConfigurationName = Release;
		};
		9DCFD6D22D8EE62C0080F198 /* Build configuration list for PBXNativeTarget "undoRedo" */ = {
			isa = XCConfigurationList;
			buildConfigurations = (
				9DCFD6D32D8EE62C0080F198 /* Debug */,
				9DCFD6D42D8EE62C0080F198 /* Release */,
			);
			defaultConfigurationIsVisible = 0;
			defaultConfigurationName = Release;
		};
/* End XCConfigurationList section */

/* Begin XCVersionGroup section */
		9DB068DC2D8EECB200487E48 /* database.xcdatamodeld */ = {
			isa = XCVersionGroup;
			children = (
				9DB068DD2D8EECB200487E48 /* database.xcdatamodel */,
			);
			currentVersion = 9DB068DD2D8EECB200487E48 /* database.xcdatamodel */;
			path = database.xcdatamodeld;
			sourceTree = "<group>";
			versionGroupType = wrapper.xcdatamodel;
		};
/* End XCVersionGroup section */
	};
	rootObject = 9DCFD6B72D8EE6290080F198 /* Project object */;
}
